{
  "name": "notification-core",
  "version": "1.0.0",
  "lockfileVersion": 3,
  "requires": true,
  "packages": {
    "": {
      "name": "notification-core",
      "version": "1.0.0",
      "dependencies": {
        "nodemailer": "^9.0.5",
        "zod": "^3.22.0"
      }
    },
    "node_modules/nodemailer": {
      "version": "9.0.5",
      "resolved": "https://registry.npmjs.org/nodemailer/-/nodemailer-9.0.5.tgz",
      "integrity": "sha512-wvjiKvjczmsN7U/8006JOdXubgBk2XFAbioDMbT+sM7cPs0QrhJTa6KBRX7P5REGGkDcLUz/EarWidb8G8C1jQ==",
      "license": "MIT-0",
      "engines": {
        "node": ">=6.0.0"
      }
    },
    "node_modules/zod": {
      "version": "3.25.76",
      "resolved": "https://registry.npmjs.org/zod/-/zod-3.25.76.tgz",
      "integrity": "sha512-gzUt/qt81nXsFGKIFcC3YnfEAx5NkunCfnDlvuBSSFS02bcXu4Lmea0AFIUwbLWxWPx3d9p8S5QoaujKcNQxcQ==",
      "license": "MIT",
      "funding": {
        "url": "https://github.com/sponsors/colinhacks"
      }
    }
  }
}
